// !$*UTF8*$!
{
	archiveVersion = 1;
	classes = {
	};
	objectVersion = 46;
	objects = {

/* Begin PBXBuildFile section */
		961463F214E03DE800218285 /* UIKit.framework in Frameworks */ = {isa = PBXBuildFile; fileRef = 961463F114E03DE800218285 /* UIKit.framework */; };
		961463F414E03DE800218285 /* Foundation.framework in Frameworks */ = {isa = PBXBuildFile; fileRef = 961463F314E03DE800218285 /* Foundation.framework */; };
		961463F614E03DE800218285 /* CoreGraphics.framework in Frameworks */ = {isa = PBXBuildFile; fileRef = 961463F514E03DE800218285 /* CoreGraphics.framework */; };
		961463FC14E03DE800218285 /* InfoPlist.strings in Resources */ = {isa = PBXBuildFile; fileRef = 961463FA14E03DE800218285 /* InfoPlist.strings */; };
		961463FE14E03DE800218285 /* main.m in Sources */ = {isa = PBXBuildFile; fileRef = 961463FD14E03DE800218285 /* main.m */; };
		9614640214E03DE800218285 /* AppDelegate.m in Sources */ = {isa = PBXBuildFile; fileRef = 9614640114E03DE800218285 /* AppDelegate.m */; };
		9614640514E03DE800218285 /* MainStoryboard.storyboard in Resources */ = {isa = PBXBuildFile; fileRef = 9614640314E03DE800218285 /* MainStoryboard.storyboard */; };
		9614640814E03DE800218285 /* FirstViewController.m in Sources */ = {isa = PBXBuildFile; fileRef = 9614640714E03DE800218285 /* FirstViewController.m */; };
		9614640A14E03DE800218285 /* first.png in Resources */ = {isa = PBXBuildFile; fileRef = 9614640914E03DE800218285 /* first.png */; };
		9614640C14E03DE800218285 /* first@2x.png in Resources */ = {isa = PBXBuildFile; fileRef = 9614640B14E03DE800218285 /* first@2x.png */; };
		9614640F14E03DE800218285 /* SecondViewController.m in Sources */ = {isa = PBXBuildFile; fileRef = 9614640E14E03DE800218285 /* SecondViewController.m */; };
		9614641114E03DE800218285 /* second.png in Resources */ = {isa = PBXBuildFile; fileRef = 9614641014E03DE800218285 /* second.png */; };
		9614641314E03DE800218285 /* second@2x.png in Resources */ = {isa = PBXBuildFile; fileRef = 9614641214E03DE800218285 /* second@2x.png */; };
/* End PBXBuildFile section */

/* Begin PBXFileReference section */
		961463ED14E03DE800218285 /* StatTrackr.app */ = {isa = PBXFileReference; explicitFileType = wrapper.application; includeInIndex = 0; path = StatTrackr.app; sourceTree = BUILT_PRODUCTS_DIR; };
		961463F114E03DE800218285 /* UIKit.framework */ = {isa = PBXFileReference; lastKnownFileType = wrapper.framework; name = UIKit.framework; path = System/Library/Frameworks/UIKit.framework; sourceTree = SDKROOT; };
		961463F314E03DE800218285 /* Foundation.framework */ = {isa = PBXFileReference; lastKnownFileType = wrapper.framework; name = Foundation.framework; path = System/Library/Frameworks/Foundation.framework; sourceTree = SDKROOT; };
		961463F514E03DE800218285 /* CoreGraphics.framework */ = {isa = PBXFileReference; lastKnownFileType = wrapper.framework; name = CoreGraphics.framework; path = System/Library/Frameworks/CoreGraphics.framework; sourceTree = SDKROOT; };
		961463F914E03DE800218285 /* StatTrackr-Info.plist */ = {isa = PBXFileReference; lastKnownFileType = text.plist.xml; path = "StatTrackr-Info.plist"; sourceTree = "<group>"; };
		961463FB14E03DE800218285 /* en */ = {isa = PBXFileReference; lastKnownFileType = text.plist.strings; name = en; path = en.lproj/InfoPlist.strings; sourceTree = "<group>"; };
		961463FD14E03DE800218285 /* main.m */ = {isa = PBXFileReference; lastKnownFileType = sourcecode.c.objc; path = main.m; sourceTree = "<group>"; };
		961463FF14E03DE800218285 /* StatTrackr-Prefix.pch */ = {isa = PBXFileReference; lastKnownFileType = sourcecode.c.h; path = "StatTrackr-Prefix.pch"; sourceTree = "<group>"; };
		9614640014E03DE800218285 /* AppDelegate.h */ = {isa = PBXFileReference; lastKnownFileType = sourcecode.c.h; path = AppDelegate.h; sourceTree = "<group>"; };
		9614640114E03DE800218285 /* AppDelegate.m */ = {isa = PBXFileReference; lastKnownFileType = sourcecode.c.objc; path = AppDelegate.m; sourceTree = "<group>"; };
		9614640414E03DE800218285 /* en */ = {isa = PBXFileReference; lastKnownFileType = file.storyboard; name = en; path = en.lproj/MainStoryboard.storyboard; sourceTree = "<group>"; };
		9614640614E03DE800218285 /* FirstViewController.h */ = {isa = PBXFileReference; lastKnownFileType = sourcecode.c.h; path = FirstViewController.h; sourceTree = "<group>"; };
		9614640714E03DE800218285 /* FirstViewController.m */ = {isa = PBXFileReference; lastKnownFileType = sourcecode.c.objc; path = FirstViewController.m; sourceTree = "<group>"; };
		9614640914E03DE800218285 /* first.png */ = {isa = PBXFileReference; lastKnownFileType = image.png; path = first.png; sourceTree = "<group>"; };
		9614640B14E03DE800218285 /* first@2x.png */ = {isa = PBXFileReference; lastKnownFileType = image.png; path = "first@2x.png"; sourceTree = "<group>"; };
		9614640D14E03DE800218285 /* SecondViewController.h */ = {isa = PBXFileReference; lastKnownFileType = sourcecode.c.h; path = SecondViewController.h; sourceTree = "<group>"; };
		9614640E14E03DE800218285 /* SecondViewController.m */ = {isa = PBXFileReference; lastKnownFileType = sourcecode.c.objc; path = SecondViewController.m; sourceTree = "<group>"; };
		9614641014E03DE800218285 /* second.png */ = {isa = PBXFileReference; lastKnownFileType = image.png; path = second.png; sourceTree = "<group>"; };
		9614641214E03DE800218285 /* second@2x.png */ = {isa = PBXFileReference; lastKnownFileType = image.png; path = "second@2x.png"; sourceTree = "<group>"; };
/* End PBXFileReference section */

/* Begin PBXFrameworksBuildPhase section */
		961463EA14E03DE800218285 /* Frameworks */ = {
			isa = PBXFrameworksBuildPhase;
			buildActionMask = 2147483647;
			files = (
				961463F214E03DE800218285 /* UIKit.framework in Frameworks */,
				961463F414E03DE800218285 /* Foundation.framework in Frameworks */,
				961463F614E03DE800218285 /* CoreGraphics.framework in Frameworks */,
			);
			runOnlyForDeploymentPostprocessing = 0;
		};
/* End PBXFrameworksBuildPhase section */

/* Begin PBXGroup section */
		961463E214E03DE800218285 = {
			isa = PBXGroup;
			children = (
				961463F714E03DE800218285 /* StatTrackr */,
				961463F014E03DE800218285 /* Frameworks */,
				961463EE14E03DE800218285 /* Products */,
			);
			sourceTree = "<group>";
		};
		961463EE14E03DE800218285 /* Products */ = {
			isa = PBXGroup;
			children = (
				961463ED14E03DE800218285 /* StatTrackr.app */,
			);
			name = Products;
			sourceTree = "<group>";
		};
		961463F014E03DE800218285 /* Frameworks */ = {
			isa = PBXGroup;
			children = (
				961463F114E03DE800218285 /* UIKit.framework */,
				961463F314E03DE800218285 /* Foundation.framework */,
				961463F514E03DE800218285 /* CoreGraphics.framework */,
			);
			name = Frameworks;
			sourceTree = "<group>";
		};
		961463F714E03DE800218285 /* StatTrackr */ = {
			isa = PBXGroup;
			children = (
				9614640014E03DE800218285 /* AppDelegate.h */,
				9614640114E03DE800218285 /* AppDelegate.m */,
				9614640314E03DE800218285 /* MainStoryboard.storyboard */,
				9614640614E03DE800218285 /* FirstViewController.h */,
				9614640714E03DE800218285 /* FirstViewController.m */,
				9614640914E03DE800218285 /* first.png */,
				9614640B14E03DE800218285 /* first@2x.png */,
				9614640D14E03DE800218285 /* SecondViewController.h */,
				9614640E14E03DE800218285 /* SecondViewController.m */,
				9614641014E03DE800218285 /* second.png */,
				9614641214E03DE800218285 /* second@2x.png */,
				961463F814E03DE800218285 /* Supporting Files */,
			);
			path = StatTrackr;
			sourceTree = "<group>";
		};
		961463F814E03DE800218285 /* Supporting Files */ = {
			isa = PBXGroup;
			children = (
				961463F914E03DE800218285 /* StatTrackr-Info.plist */,
				961463FA14E03DE800218285 /* InfoPlist.strings */,
				961463FD14E03DE800218285 /* main.m */,
				961463FF14E03DE800218285 /* StatTrackr-Prefix.pch */,
			);
			name = "Supporting Files";
			sourceTree = "<group>";
		};
/* End PBXGroup section */

/* Begin PBXNativeTarget section */
		961463EC14E03DE800218285 /* StatTrackr */ = {
			isa = PBXNativeTarget;
			buildConfigurationList = 9614641614E03DE800218285 /* Build configuration list for PBXNativeTarget "StatTrackr" */;
			buildPhases = (
				961463E914E03DE800218285 /* Sources */,
				961463EA14E03DE800218285 /* Frameworks */,
				961463EB14E03DE800218285 /* Resources */,
			);
			buildRules = (
			);
			dependencies = (
			);
			name = StatTrackr;
			productName = StatTrackr;
			productReference = 961463ED14E03DE800218285 /* StatTrackr.app */;
			productType = "com.apple.product-type.application";
		};
/* End PBXNativeTarget section */

/* Begin PBXProject section */
		961463E414E03DE800218285 /* Project object */ = {
			isa = PBXProject;
			attributes = {
				LastUpgradeCheck = 0420;
				ORGANIZATIONNAME = Ratchet;
			};
			buildConfigurationList = 961463E714E03DE800218285 /* Build configuration list for PBXProject "StatTrackr" */;
			compatibilityVersion = "Xcode 3.2";
			developmentRegion = English;
			hasScannedForEncodings = 0;
			knownRegions = (
				en,
			);
			mainGroup = 961463E214E03DE800218285;
			productRefGroup = 961463EE14E03DE800218285 /* Products */;
			projectDirPath = "";
			projectRoot = "";
			targets = (
				961463EC14E03DE800218285 /* StatTrackr */,
			);
		};
/* End PBXProject section */

/* Begin PBXResourcesBuildPhase section */
		961463EB14E03DE800218285 /* Resources */ = {
			isa = PBXResourcesBuildPhase;
			buildActionMask = 2147483647;
			files = (
				961463FC14E03DE800218285 /* InfoPlist.strings in Resources */,
				9614640514E03DE800218285 /* MainStoryboard.storyboard in Resources */,
				9614640A14E03DE800218285 /* first.png in Resources */,
				9614640C14E03DE800218285 /* first@2x.png in Resources */,
				9614641114E03DE800218285 /* second.png in Resources */,
				9614641314E03DE800218285 /* second@2x.png in Resources */,
			);
			runOnlyForDeploymentPostprocessing = 0;
		};
/* End PBXResourcesBuildPhase section */

/* Begin PBXSourcesBuildPhase section */
		961463E914E03DE800218285 /* Sources */ = {
			isa = PBXSourcesBuildPhase;
			buildActionMask = 2147483647;
			files = (
				961463FE14E03DE800218285 /* main.m in Sources */,
				9614640214E03DE800218285 /* AppDelegate.m in Sources */,
				9614640814E03DE800218285 /* FirstViewController.m in Sources */,
				9614640F14E03DE800218285 /* SecondViewController.m in Sources */,
			);
			runOnlyForDeploymentPostprocessing = 0;
		};
/* End PBXSourcesBuildPhase section */

/* Begin PBXVariantGroup section */
		961463FA14E03DE800218285 /* InfoPlist.strings */ = {
			isa = PBXVariantGroup;
			children = (
				961463FB14E03DE800218285 /* en */,
			);
			name = InfoPlist.strings;
			sourceTree = "<group>";
		};
		9614640314E03DE800218285 /* MainStoryboard.storyboard */ = {
			isa = PBXVariantGroup;
			children = (
				9614640414E03DE800218285 /* en */,
			);
			name = MainStoryboard.storyboard;
			sourceTree = "<group>";
		};
/* End PBXVariantGroup section */

/* Begin XCBuildConfiguration section */
		9614641414E03DE800218285 /* Debug */ = {
			isa = XCBuildConfiguration;
			buildSettings = {
				ALWAYS_SEARCH_USER_PATHS = NO;
				ARCHS = "$(ARCHS_STANDARD_32_BIT)";
				CLANG_ENABLE_OBJC_ARC = YES;
				"CODE_SIGN_IDENTITY[sdk=iphoneos*]" = "iPhone Developer";
				COPY_PHASE_STRIP = NO;
				GCC_C_LANGUAGE_STANDARD = gnu99;
				GCC_DYNAMIC_NO_PIC = NO;
				GCC_OPTIMIZATION_LEVEL = 0;
				GCC_PREPROCESSOR_DEFINITIONS = (
					"DEBUG=1",
					"$(inherited)",
				);
				GCC_SYMBOLS_PRIVATE_EXTERN = NO;
				GCC_VERSION = com.apple.compilers.llvm.clang.1_0;
				GCC_WARN_ABOUT_MISSING_PROTOTYPES = YES;
				GCC_WARN_ABOUT_RETURN_TYPE = YES;
				GCC_WARN_UNUSED_VARIABLE = YES;
				IPHONEOS_DEPLOYMENT_TARGET = 5.0;
				SDKROOT = iphoneos;
				TARGETED_DEVICE_FAMILY = 2;
			};
			name = Debug;
		};
		9614641514E03DE800218285 /* Release */ = {
			isa = XCBuildConfiguration;
			buildSettings = {
				ALWAYS_SEARCH_USER_PATHS = NO;
				ARCHS = "$(ARCHS_STANDARD_32_BIT)";
				CLANG_ENABLE_OBJC_ARC = YES;
				"CODE_SIGN_IDENTITY[sdk=iphoneos*]" = "iPhone Developer";
				COPY_PHASE_STRIP = YES;
				GCC_C_LANGUAGE_STANDARD = gnu99;
				GCC_VERSION = com.apple.compilers.llvm.clang.1_0;
				GCC_WARN_ABOUT_MISSING_PROTOTYPES = YES;
				GCC_WARN_ABOUT_RETURN_TYPE = YES;
				GCC_WARN_UNUSED_VARIABLE = YES;
				IPHONEOS_DEPLOYMENT_TARGET = 5.0;
				OTHER_CFLAGS = "-DNS_BLOCK_ASSERTIONS=1";
				SDKROOT = iphoneos;
				TARGETED_DEVICE_FAMILY = 2;
				VALIDATE_PRODUCT = YES;
			};
			name = Release;
		};
		9614641714E03DE800218285 /* Debug */ = {
			isa = XCBuildConfiguration;
			buildSettings = {
				GCC_PRECOMPILE_PREFIX_HEADER = YES;
				GCC_PREFIX_HEADER = "StatTrackr/StatTrackr-Prefix.pch";
				INFOPLIST_FILE = "StatTrackr/StatTrackr-Info.plist";
				PRODUCT_NAME = "$(TARGET_NAME)";
				WRAPPER_EXTENSION = app;
			};
			name = Debug;
		};
		9614641814E03DE800218285 /* Release */ = {
			isa = XCBuildConfiguration;
			buildSettings = {
				GCC_PRECOMPILE_PREFIX_HEADER = YES;
				GCC_PREFIX_HEADER = "StatTrackr/StatTrackr-Prefix.pch";
				INFOPLIST_FILE = "StatTrackr/StatTrackr-Info.plist";
				PRODUCT_NAME = "$(TARGET_NAME)";
				WRAPPER_EXTENSION = app;
			};
			name = Release;
		};
/* End XCBuildConfiguration section */

/* Begin XCConfigurationList section */
		961463E714E03DE800218285 /* Build configuration list for PBXProject "StatTrackr" */ = {
			isa = XCConfigurationList;
			buildConfigurations = (
				9614641414E03DE800218285 /* Debug */,
				9614641514E03DE800218285 /* Release */,
			);
			defaultConfigurationIsVisible = 0;
			defaultConfigurationName = Release;
		};
		9614641614E03DE800218285 /* Build configuration list for PBXNativeTarget "StatTrackr" */ = {
			isa = XCConfigurationList;
			buildConfigurations = (
				9614641714E03DE800218285 /* Debug */,
				9614641814E03DE800218285 /* Release */,
			);
			defaultConfigurationIsVisible = 0;
		};
/* End XCConfigurationList section */
	};
	rootObject = 961463E414E03DE800218285 /* Project object */;
}
